
Microsoft Visual Studio Solution File, Format Version 12.00
# Visual Studio 2013
VisualStudioVersion = 12.0.21005.1
MinimumVisualStudioVersion = 10.0.40219.1
Project("{FAE04EC0-301F-11D3-BF4B-00C04F79EFBC}") = "Layout", "Layout\Layout.csproj", "{3893CCCA-65D9-4CFC-AF16-5C99A16023C9}"
EndProject
Project("{FAE04EC0-301F-11D3-BF4B-00C04F79EFBC}") = "DataAccess", "DataAccess\DataAccess.csproj", "{F193491B-3326-4DFD-BF96-FEBE4CE650C9}"
EndProject
Project("{FAE04EC0-301F-11D3-BF4B-00C04F79EFBC}") = "Domain", "Domain\Domain.csproj", "{AC534D7B-57CC-4628-80AD-3ED75622A31E}"
EndProject
Project("{FAE04EC0-301F-11D3-BF4B-00C04F79EFBC}") = "Common", "Common\Common.csproj", "{66F56759-C7B6-443B-BCCC-55AAF69E5C84}"
EndProject
Global
	GlobalSection(SolutionConfigurationPlatforms) = preSolution
		Debug|Any CPU = Debug|Any CPU
		Release|Any CPU = Release|Any CPU
	EndGlobalSection
	GlobalSection(ProjectConfigurationPlatforms) = postSolution
		{3893CCCA-65D9-4CFC-AF16-5C99A16023C9}.Debug|Any CPU.ActiveCfg = Debug|Any CPU
		{3893CCCA-65D9-4CFC-AF16-5C99A16023C9}.Debug|Any CPU.Build.0 = Debug|Any CPU
		{3893CCCA-65D9-4CFC-AF16-5C99A16023C9}.Release|Any CPU.ActiveCfg = Release|Any CPU
		{3893CCCA-65D9-4CFC-AF16-5C99A16023C9}.Release|Any CPU.Build.0 = Release|Any CPU
		{F193491B-3326-4DFD-BF96-FEBE4CE650C9}.Debug|Any CPU.ActiveCfg = Debug|Any CPU
		{F193491B-3326-4DFD-BF96-FEBE4CE650C9}.Debug|Any CPU.Build.0 = Debug|Any CPU
		{F193491B-3326-4DFD-BF96-FEBE4CE650C9}.Release|Any CPU.ActiveCfg = Release|Any CPU
		{F193491B-3326-4DFD-BF96-FEBE4CE650C9}.Release|Any CPU.Build.0 = Release|Any CPU
		{AC534D7B-57CC-4628-80AD-3ED75622A31E}.Debug|Any CPU.ActiveCfg = Debug|Any CPU
		{AC534D7B-57CC-4628-80AD-3ED75622A31E}.Debug|Any CPU.Build.0 = Debug|Any CPU
		{AC534D7B-57CC-4628-80AD-3ED75622A31E}.Release|Any CPU.ActiveCfg = Release|Any CPU
		{AC534D7B-57CC-4628-80AD-3ED75622A31E}.Release|Any CPU.Build.0 = Release|Any CPU
		{66F56759-C7B6-443B-BCCC-55AAF69E5C84}.Debug|Any CPU.ActiveCfg = Debug|Any CPU
		{66F56759-C7B6-443B-BCCC-55AAF69E5C84}.Debug|Any CPU.Build.0 = Debug|Any CPU
		{66F56759-C7B6-443B-BCCC-55AAF69E5C84}.Release|Any CPU.ActiveCfg = Release|Any CPU
		{66F56759-C7B6-443B-BCCC-55AAF69E5C84}.Release|Any CPU.Build.0 = Release|Any CPU
	EndGlobalSection
	GlobalSection(SolutionProperties) = preSolution
		HideSolutionNode = FALSE
	EndGlobalSection
EndGlobal
